
Microsoft Visual Studio Solution File, Format Version 12.00
# Visual Studio Version 17
VisualStudioVersion = 17.2.32630.192
MinimumVisualStudioVersion = 10.0.40219.1
Project("{FAE04EC0-301F-11D3-BF4B-00C04F79EFBC}") = "LearningArrays", "LearningArrays.csproj", "{83279749-2896-4EA1-A053-30F923B28655}"
EndProject
Global
	GlobalSection(SolutionConfigurationPlatforms) = preSolution
		Debug|Any CPU = Debug|Any CPU
		Release|Any CPU = Release|Any CPU
	EndGlobalSection
	GlobalSection(ProjectConfigurationPlatforms) = postSolution
		{83279749-2896-4EA1-A053-30F923B28655}.Debug|Any CPU.ActiveCfg = Debug|Any CPU
		{83279749-2896-4EA1-A053-30F923B28655}.Debug|Any CPU.Build.0 = Debug|Any CPU
		{83279749-2896-4EA1-A053-30F923B28655}.Release|Any CPU.ActiveCfg = Release|Any CPU
		{83279749-2896-4EA1-A053-30F923B28655}.Release|Any CPU.Build.0 = Release|Any CPU
	EndGlobalSection
	GlobalSection(SolutionProperties) = preSolution
		HideSolutionNode = FALSE
	EndGlobalSection
	GlobalSection(ExtensibilityGlobals) = postSolution
		SolutionGuid = {8FFF5F12-6A29-41E0-BE25-25E1944D49C6}
	EndGlobalSection
EndGlobal
